
Microsoft Visual Studio Solution File, Format Version 12.00
# Visual Studio 14
VisualStudioVersion = 14.0.22609.0
MinimumVisualStudioVersion = 10.0.40219.1
Project("{2150E333-8FDC-42A3-9474-1A3956D46DE8}") = "timez", "timez", "{C76B2FD8-A855-44F9-B52D-04DCD0761EE9}"
EndProject
Project("{D954291E-2A0B-460D-934E-DC6B0785DB48}") = "timez.Shared", "timez\timez.Shared\timez.Shared.shproj", "{0AF1A04F-7E3C-479D-AC3F-029EEEDAF0AB}"
EndProject
Project("{262852C6-CD72-467D-83FE-5EEB1973A190}") = "timez.Windows", "timez\timez.Windows\timez.Windows.jsproj", "{A18DA13B-F6E1-4C5B-8796-5510A71F8843}"
EndProject
Project("{262852C6-CD72-467D-83FE-5EEB1973A190}") = "timez.WindowsPhone", "timez\timez.WindowsPhone\timez.WindowsPhone.jsproj", "{7ABB729C-308F-4C98-BC76-028207BACD0E}"
EndProject
Project("{2150E333-8FDC-42A3-9474-1A3956D46DE8}") = "doc", "doc", "{06CFB563-E269-4AA9-9A80-A44D8D8D197F}"
	ProjectSection(SolutionItems) = preProject
		tsc.txt = tsc.txt
	EndProjectSection
EndProject
Global
	GlobalSection(SharedMSBuildProjectFiles) = preSolution
		timez\timez.Shared\timez.Shared.projitems*{a18da13b-f6e1-4c5b-8796-5510a71f8843}*SharedItemsImports = 5
		timez\timez.Shared\timez.Shared.projitems*{7abb729c-308f-4c98-bc76-028207bacd0e}*SharedItemsImports = 5
		timez\timez.Shared\timez.Shared.projitems*{0af1a04f-7e3c-479d-ac3f-029eeedaf0ab}*SharedItemsImports = 13
	EndGlobalSection
	GlobalSection(SolutionConfigurationPlatforms) = preSolution
		Debug|Any CPU = Debug|Any CPU
		Debug|ARM = Debug|ARM
		Debug|x64 = Debug|x64
		Debug|x86 = Debug|x86
		Release|Any CPU = Release|Any CPU
		Release|ARM = Release|ARM
		Release|x64 = Release|x64
		Release|x86 = Release|x86
	EndGlobalSection
	GlobalSection(ProjectConfigurationPlatforms) = postSolution
		{A18DA13B-F6E1-4C5B-8796-5510A71F8843}.Debug|Any CPU.ActiveCfg = Debug|Any CPU
		{A18DA13B-F6E1-4C5B-8796-5510A71F8843}.Debug|Any CPU.Build.0 = Debug|Any CPU
		{A18DA13B-F6E1-4C5B-8796-5510A71F8843}.Debug|Any CPU.Deploy.0 = Debug|Any CPU
		{A18DA13B-F6E1-4C5B-8796-5510A71F8843}.Debug|ARM.ActiveCfg = Debug|ARM
		{A18DA13B-F6E1-4C5B-8796-5510A71F8843}.Debug|ARM.Build.0 = Debug|ARM
		{A18DA13B-F6E1-4C5B-8796-5510A71F8843}.Debug|ARM.Deploy.0 = Debug|ARM
		{A18DA13B-F6E1-4C5B-8796-5510A71F8843}.Debug|x64.ActiveCfg = Debug|x64
		{A18DA13B-F6E1-4C5B-8796-5510A71F8843}.Debug|x64.Build.0 = Debug|x64
		{A18DA13B-F6E1-4C5B-8796-5510A71F8843}.Debug|x64.Deploy.0 = Debug|x64
		{A18DA13B-F6E1-4C5B-8796-5510A71F8843}.Debug|x86.ActiveCfg = Debug|x86
		{A18DA13B-F6E1-4C5B-8796-5510A71F8843}.Debug|x86.Build.0 = Debug|x86
		{A18DA13B-F6E1-4C5B-8796-5510A71F8843}.Debug|x86.Deploy.0 = Debug|x86
		{A18DA13B-F6E1-4C5B-8796-5510A71F8843}.Release|Any CPU.ActiveCfg = Release|Any CPU
		{A18DA13B-F6E1-4C5B-8796-5510A71F8843}.Release|Any CPU.Build.0 = Release|Any CPU
		{A18DA13B-F6E1-4C5B-8796-5510A71F8843}.Release|Any CPU.Deploy.0 = Release|Any CPU
		{A18DA13B-F6E1-4C5B-8796-5510A71F8843}.Release|ARM.ActiveCfg = Release|ARM
		{A18DA13B-F6E1-4C5B-8796-5510A71F8843}.Release|ARM.Build.0 = Release|ARM
		{A18DA13B-F6E1-4C5B-8796-5510A71F8843}.Release|ARM.Deploy.0 = Release|ARM
		{A18DA13B-F6E1-4C5B-8796-5510A71F8843}.Release|x64.ActiveCfg = Release|x64
		{A18DA13B-F6E1-4C5B-8796-5510A71F8843}.Release|x64.Build.0 = Release|x64
		{A18DA13B-F6E1-4C5B-8796-5510A71F8843}.Release|x64.Deploy.0 = Release|x64
		{A18DA13B-F6E1-4C5B-8796-5510A71F8843}.Release|x86.ActiveCfg = Release|x86
		{A18DA13B-F6E1-4C5B-8796-5510A71F8843}.Release|x86.Build.0 = Release|x86
		{A18DA13B-F6E1-4C5B-8796-5510A71F8843}.Release|x86.Deploy.0 = Release|x86
		{7ABB729C-308F-4C98-BC76-028207BACD0E}.Debug|Any CPU.ActiveCfg = Debug|Any CPU
		{7ABB729C-308F-4C98-BC76-028207BACD0E}.Debug|Any CPU.Build.0 = Debug|Any CPU
		{7ABB729C-308F-4C98-BC76-028207BACD0E}.Debug|Any CPU.Deploy.0 = Debug|Any CPU
		{7ABB729C-308F-4C98-BC76-028207BACD0E}.Debug|ARM.ActiveCfg = Debug|ARM
		{7ABB729C-308F-4C98-BC76-028207BACD0E}.Debug|ARM.Build.0 = Debug|ARM
		{7ABB729C-308F-4C98-BC76-028207BACD0E}.Debug|ARM.Deploy.0 = Debug|ARM
		{7ABB729C-308F-4C98-BC76-028207BACD0E}.Debug|x64.ActiveCfg = Debug|Any CPU
		{7ABB729C-308F-4C98-BC76-028207BACD0E}.Debug|x64.Build.0 = Debug|Any CPU
		{7ABB729C-308F-4C98-BC76-028207BACD0E}.Debug|x64.Deploy.0 = Debug|Any CPU
		{7ABB729C-308F-4C98-BC76-028207BACD0E}.Debug|x86.ActiveCfg = Debug|x86
		{7ABB729C-308F-4C98-BC76-028207BACD0E}.Debug|x86.Build.0 = Debug|x86
		{7ABB729C-308F-4C98-BC76-028207BACD0E}.Debug|x86.Deploy.0 = Debug|x86
		{7ABB729C-308F-4C98-BC76-028207BACD0E}.Release|Any CPU.ActiveCfg = Release|Any CPU
		{7ABB729C-308F-4C98-BC76-028207BACD0E}.Release|Any CPU.Build.0 = Release|Any CPU
		{7ABB729C-308F-4C98-BC76-028207BACD0E}.Release|Any CPU.Deploy.0 = Release|Any CPU
		{7ABB729C-308F-4C98-BC76-028207BACD0E}.Release|ARM.ActiveCfg = Release|ARM
		{7ABB729C-308F-4C98-BC76-028207BACD0E}.Release|ARM.Build.0 = Release|ARM
		{7ABB729C-308F-4C98-BC76-028207BACD0E}.Release|ARM.Deploy.0 = Release|ARM
		{7ABB729C-308F-4C98-BC76-028207BACD0E}.Release|x64.ActiveCfg = Release|Any CPU
		{7ABB729C-308F-4C98-BC76-028207BACD0E}.Release|x64.Build.0 = Release|Any CPU
		{7ABB729C-308F-4C98-BC76-028207BACD0E}.Release|x64.Deploy.0 = Release|Any CPU
		{7ABB729C-308F-4C98-BC76-028207BACD0E}.Release|x86.ActiveCfg = Release|x86
		{7ABB729C-308F-4C98-BC76-028207BACD0E}.Release|x86.Build.0 = Release|x86
		{7ABB729C-308F-4C98-BC76-028207BACD0E}.Release|x86.Deploy.0 = Release|x86
	EndGlobalSection
	GlobalSection(SolutionProperties) = preSolution
		HideSolutionNode = FALSE
	EndGlobalSection
	GlobalSection(NestedProjects) = preSolution
		{0AF1A04F-7E3C-479D-AC3F-029EEEDAF0AB} = {C76B2FD8-A855-44F9-B52D-04DCD0761EE9}
		{A18DA13B-F6E1-4C5B-8796-5510A71F8843} = {C76B2FD8-A855-44F9-B52D-04DCD0761EE9}
		{7ABB729C-308F-4C98-BC76-028207BACD0E} = {C76B2FD8-A855-44F9-B52D-04DCD0761EE9}
		{06CFB563-E269-4AA9-9A80-A44D8D8D197F} = {C76B2FD8-A855-44F9-B52D-04DCD0761EE9}
	EndGlobalSection
EndGlobal
